
Microsoft Visual Studio Solution File, Format Version 12.00
# Visual Studio Version 17
VisualStudioVersion = 17.13.35818.85 d17.13
MinimumVisualStudioVersion = 10.0.40219.1
Project("{C9674DCB-5085-4A16-B785-4C70DD1589BD}") = "ETL", "ETL\ETL.dtproj", "{70B246A2-55D2-8B6C-09B1-6AD23629F229}"
EndProject
Global
	GlobalSection(SolutionConfigurationPlatforms) = preSolution
		Development|Default = Development|Default
	EndGlobalSection
	GlobalSection(ProjectConfigurationPlatforms) = postSolution
		{70B246A2-55D2-8B6C-09B1-6AD23629F229}.Development|Default.ActiveCfg = Development
		{70B246A2-55D2-8B6C-09B1-6AD23629F229}.Development|Default.Build.0 = Development
	EndGlobalSection
	GlobalSection(SolutionProperties) = preSolution
		HideSolutionNode = FALSE
	EndGlobalSection
	GlobalSection(ExtensibilityGlobals) = postSolution
		SolutionGuid = {DDE6B2FB-A317-49DD-B467-34311AF8482E}
	EndGlobalSection
EndGlobal
