
Microsoft Visual Studio Solution File, Format Version 12.00
# Visual Studio Version 17
VisualStudioVersion = 17.13.35818.85 d17.13
MinimumVisualStudioVersion = 10.0.40219.1
Project("{C9674DCB-5085-4A16-B785-4C70DD1589BD}") = "star", "star\star.dtproj", "{B423CFA5-4F1E-99E7-9DDF-D6C5A0E41FA0}"
EndProject
Global
	GlobalSection(SolutionConfigurationPlatforms) = preSolution
		Development|Default = Development|Default
	EndGlobalSection
	GlobalSection(ProjectConfigurationPlatforms) = postSolution
		{B423CFA5-4F1E-99E7-9DDF-D6C5A0E41FA0}.Development|Default.ActiveCfg = Development
		{B423CFA5-4F1E-99E7-9DDF-D6C5A0E41FA0}.Development|Default.Build.0 = Development
	EndGlobalSection
	GlobalSection(SolutionProperties) = preSolution
		HideSolutionNode = FALSE
	EndGlobalSection
	GlobalSection(ExtensibilityGlobals) = postSolution
		SolutionGuid = {1CF982DD-9743-4B84-9DFB-E159B7BFE158}
	EndGlobalSection
EndGlobal
